
Microsoft Visual Studio Solution File, Format Version 12.00
# Visual Studio Version 17
VisualStudioVersion = 17.6.33723.286
MinimumVisualStudioVersion = 10.0.40219.1
Project("{FAE04EC0-301F-11D3-BF4B-00C04F79EFBC}") = "WaterShop", "WaterShop\WaterShop.csproj", "{0138AAA9-86BB-48C6-9081-967AB030CBE8}"
EndProject
Global
	GlobalSection(SolutionConfigurationPlatforms) = preSolution
		Debug|Any CPU = Debug|Any CPU
		Release|Any CPU = Release|Any CPU
	EndGlobalSection
	GlobalSection(ProjectConfigurationPlatforms) = postSolution
		{0138AAA9-86BB-48C6-9081-967AB030CBE8}.Debug|Any CPU.ActiveCfg = Debug|Any CPU
		{0138AAA9-86BB-48C6-9081-967AB030CBE8}.Debug|Any CPU.Build.0 = Debug|Any CPU
		{0138AAA9-86BB-48C6-9081-967AB030CBE8}.Release|Any CPU.ActiveCfg = Release|Any CPU
		{0138AAA9-86BB-48C6-9081-967AB030CBE8}.Release|Any CPU.Build.0 = Release|Any CPU
	EndGlobalSection
	GlobalSection(SolutionProperties) = preSolution
		HideSolutionNode = FALSE
	EndGlobalSection
	GlobalSection(ExtensibilityGlobals) = postSolution
		SolutionGuid = {EADA0115-6F7C-4C7E-9A72-A880C33322B8}
	EndGlobalSection
EndGlobal
